
Microsoft Visual Studio Solution File, Format Version 12.00
# Visual Studio Version 17
VisualStudioVersion = 17.11.35222.181
MinimumVisualStudioVersion = 10.0.40219.1
Project("{9A19103F-16F7-4668-BE54-9A1E7A4F7556}") = "Тумаков - Лабораторная 5 главы", "Тумаков - Лабораторная 5 главы\Тумаков - Лабораторная 5 главы.csproj", "{8DFFF2E1-C891-40C2-A0A8-A0CF92F7E8B1}"
EndProject
Project("{9A19103F-16F7-4668-BE54-9A1E7A4F7556}") = "Задания", "Задания\Задания.csproj", "{71F363B5-9982-4159-8437-F9FBCA748D36}"
EndProject
Project("{FAE04EC0-301F-11D3-BF4B-00C04F79EFBC}") = "Test", "Test\Test.csproj", "{2D003EB1-5FE5-4A54-896F-4E649DCAA682}"
EndProject
Global
	GlobalSection(SolutionConfigurationPlatforms) = preSolution
		Debug|Any CPU = Debug|Any CPU
		Release|Any CPU = Release|Any CPU
	EndGlobalSection
	GlobalSection(ProjectConfigurationPlatforms) = postSolution
		{8DFFF2E1-C891-40C2-A0A8-A0CF92F7E8B1}.Debug|Any CPU.ActiveCfg = Debug|Any CPU
		{8DFFF2E1-C891-40C2-A0A8-A0CF92F7E8B1}.Debug|Any CPU.Build.0 = Debug|Any CPU
		{8DFFF2E1-C891-40C2-A0A8-A0CF92F7E8B1}.Release|Any CPU.ActiveCfg = Release|Any CPU
		{8DFFF2E1-C891-40C2-A0A8-A0CF92F7E8B1}.Release|Any CPU.Build.0 = Release|Any CPU
		{71F363B5-9982-4159-8437-F9FBCA748D36}.Debug|Any CPU.ActiveCfg = Debug|Any CPU
		{71F363B5-9982-4159-8437-F9FBCA748D36}.Debug|Any CPU.Build.0 = Debug|Any CPU
		{71F363B5-9982-4159-8437-F9FBCA748D36}.Release|Any CPU.ActiveCfg = Release|Any CPU
		{71F363B5-9982-4159-8437-F9FBCA748D36}.Release|Any CPU.Build.0 = Release|Any CPU
		{2D003EB1-5FE5-4A54-896F-4E649DCAA682}.Debug|Any CPU.ActiveCfg = Debug|Any CPU
		{2D003EB1-5FE5-4A54-896F-4E649DCAA682}.Debug|Any CPU.Build.0 = Debug|Any CPU
		{2D003EB1-5FE5-4A54-896F-4E649DCAA682}.Release|Any CPU.ActiveCfg = Release|Any CPU
		{2D003EB1-5FE5-4A54-896F-4E649DCAA682}.Release|Any CPU.Build.0 = Release|Any CPU
	EndGlobalSection
	GlobalSection(SolutionProperties) = preSolution
		HideSolutionNode = FALSE
	EndGlobalSection
	GlobalSection(ExtensibilityGlobals) = postSolution
		SolutionGuid = {F96273CB-3637-4137-8951-F255A4613153}
	EndGlobalSection
EndGlobal
